# This file was autogenerated by uv via the following command:
#    uv pip compile pyproject.toml --extra dev -o requirements.lock
anyio==4.13.0
    # via httpx
ast-serialize==0.3.0
    # via mypy
bandit==1.9.4
    # via executionkit (pyproject.toml)
build==1.5.0
    # via executionkit (pyproject.toml)
certifi==2026.4.22
    # via
    #   httpcore
    #   httpx
colorama==0.4.6
    # via
    #   bandit
    #   build
    #   pytest
coverage==7.14.0
    # via pytest-cov
h11==0.16.0
    # via httpcore
httpcore==1.0.9
    # via httpx
httpx==0.28.1
    # via executionkit (pyproject.toml)
idna==3.14
    # via
    #   anyio
    #   httpx
iniconfig==2.3.0
    # via pytest
librt==0.11.0
    # via mypy
markdown-it-py==4.2.0
    # via rich
mdurl==0.1.2
    # via markdown-it-py
mypy==2.1.0
    # via executionkit (pyproject.toml)
mypy-extensions==1.1.0
    # via mypy
packaging==26.2
    # via
    #   build
    #   pytest
pathspec==1.1.1
    # via mypy
pluggy==1.6.0
    # via
    #   pytest
    #   pytest-cov
pygments==2.20.0
    # via
    #   pytest
    #   rich
pyproject-hooks==1.2.0
    # via build
pytest==9.0.3
    # via
    #   executionkit (pyproject.toml)
    #   pytest-asyncio
    #   pytest-cov
pytest-asyncio==1.3.0
    # via executionkit (pyproject.toml)
pytest-cov==7.1.0
    # via executionkit (pyproject.toml)
pyyaml==6.0.3
    # via bandit
rich==15.0.0
    # via bandit
ruff==0.15.12
    # via executionkit (pyproject.toml)
stevedore==5.7.0
    # via bandit
typing-extensions==4.15.0
    # via
    #   anyio
    #   mypy
    #   pytest-asyncio
